
Microsoft Visual Studio Solution File, Format Version 12.00
# Visual Studio Version 16
VisualStudioVersion = 16.0.32602.291
MinimumVisualStudioVersion = 10.0.40219.1
Project("{FAE04EC0-301F-11D3-BF4B-00C04F79EFBC}") = "2023_beadando", "2023_beadando\2023_beadando.csproj", "{55CF0FC2-1A90-4BD1-B8F7-E57D35F10E19}"
EndProject
Global
	GlobalSection(SolutionConfigurationPlatforms) = preSolution
		Debug|Any CPU = Debug|Any CPU
		Release|Any CPU = Release|Any CPU
	EndGlobalSection
	GlobalSection(ProjectConfigurationPlatforms) = postSolution
		{55CF0FC2-1A90-4BD1-B8F7-E57D35F10E19}.Debug|Any CPU.ActiveCfg = Debug|Any CPU
		{55CF0FC2-1A90-4BD1-B8F7-E57D35F10E19}.Debug|Any CPU.Build.0 = Debug|Any CPU
		{55CF0FC2-1A90-4BD1-B8F7-E57D35F10E19}.Release|Any CPU.ActiveCfg = Release|Any CPU
		{55CF0FC2-1A90-4BD1-B8F7-E57D35F10E19}.Release|Any CPU.Build.0 = Release|Any CPU
	EndGlobalSection
	GlobalSection(SolutionProperties) = preSolution
		HideSolutionNode = FALSE
	EndGlobalSection
	GlobalSection(ExtensibilityGlobals) = postSolution
		SolutionGuid = {B119924B-D722-4D90-A97B-350702332B34}
	EndGlobalSection
EndGlobal
